// !$*UTF8*$!
{
	archiveVersion = 1;
	classes = {
	};
	objectVersion = 46;
	objects = {

/* Begin PBXBuildFile section */
		049BCE811E3F90B6002F540C /* SentMemeTableViewController.swift in Sources */ = {isa = PBXBuildFile; fileRef = 049BCE801E3F90B6002F540C /* SentMemeTableViewController.swift */; };
		049BCE831E3F90C8002F540C /* SentMemeCollectionViewController.swift in Sources */ = {isa = PBXBuildFile; fileRef = 049BCE821E3F90C8002F540C /* SentMemeCollectionViewController.swift */; };
		049BCE851E3F938B002F540C /* SentMemeCollectionViewCell.swift in Sources */ = {isa = PBXBuildFile; fileRef = 049BCE841E3F938B002F540C /* SentMemeCollectionViewCell.swift */; };
		049BCE871E3FBE4D002F540C /* SentMemeDetailView.swift in Sources */ = {isa = PBXBuildFile; fileRef = 049BCE861E3FBE4D002F540C /* SentMemeDetailView.swift */; };
		04AB65831E224CD900259E89 /* AppDelegate.swift in Sources */ = {isa = PBXBuildFile; fileRef = 04AB65821E224CD900259E89 /* AppDelegate.swift */; };
		04AB65851E224CD900259E89 /* MemeEditorViewController.swift in Sources */ = {isa = PBXBuildFile; fileRef = 04AB65841E224CD900259E89 /* MemeEditorViewController.swift */; };
		04AB65881E224CD900259E89 /* Main.storyboard in Resources */ = {isa = PBXBuildFile; fileRef = 04AB65861E224CD900259E89 /* Main.storyboard */; };
		04AB658A1E224CD900259E89 /* Assets.xcassets in Resources */ = {isa = PBXBuildFile; fileRef = 04AB65891E224CD900259E89 /* Assets.xcassets */; };
		04AB658D1E224CD900259E89 /* LaunchScreen.storyboard in Resources */ = {isa = PBXBuildFile; fileRef = 04AB658B1E224CD900259E89 /* LaunchScreen.storyboard */; };
		04AB65981E224CD900259E89 /* MemeGeneratorTests.swift in Sources */ = {isa = PBXBuildFile; fileRef = 04AB65971E224CD900259E89 /* MemeGeneratorTests.swift */; };
		04AB65A31E224CD900259E89 /* MemeGeneratorUITests.swift in Sources */ = {isa = PBXBuildFile; fileRef = 04AB65A21E224CD900259E89 /* MemeGeneratorUITests.swift */; };
		04AB65B31E22561800259E89 /* KeyboardUtils.swift in Sources */ = {isa = PBXBuildFile; fileRef = 04AB65B21E22561800259E89 /* KeyboardUtils.swift */; };
		04AB65B51E22563600259E89 /* Constants.swift in Sources */ = {isa = PBXBuildFile; fileRef = 04AB65B41E22563600259E89 /* Constants.swift */; };
		04AB65B71E22565200259E89 /* MemeTextFieldDelegate.swift in Sources */ = {isa = PBXBuildFile; fileRef = 04AB65B61E22565100259E89 /* MemeTextFieldDelegate.swift */; };
		04AB65B91E2295DF00259E89 /* Meme.swift in Sources */ = {isa = PBXBuildFile; fileRef = 04AB65B81E2295DF00259E89 /* Meme.swift */; };
		04AB65BF1E22981100259E89 /* impact.ttf in Resources */ = {isa = PBXBuildFile; fileRef = 04AB65BE1E22981100259E89 /* impact.ttf */; };
/* End PBXBuildFile section */

/* Begin PBXContainerItemProxy section */
		04AB65941E224CD900259E89 /* PBXContainerItemProxy */ = {
			isa = PBXContainerItemProxy;
			containerPortal = 04AB65771E224CD900259E89 /* Project object */;
			proxyType = 1;
			remoteGlobalIDString = 04AB657E1E224CD900259E89;
			remoteInfo = MemeGenerator;
		};
		04AB659F1E224CD900259E89 /* PBXContainerItemProxy */ = {
			isa = PBXContainerItemProxy;
			containerPortal = 04AB65771E224CD900259E89 /* Project object */;
			proxyType = 1;
			remoteGlobalIDString = 04AB657E1E224CD900259E89;
			remoteInfo = MemeGenerator;
		};
/* End PBXContainerItemProxy section */

/* Begin PBXFileReference section */
		049BCE801E3F90B6002F540C /* SentMemeTableViewController.swift */ = {isa = PBXFileReference; fileEncoding = 4; lastKnownFileType = sourcecode.swift; path = SentMemeTableViewController.swift; sourceTree = "<group>"; };
		049BCE821E3F90C8002F540C /* SentMemeCollectionViewController.swift */ = {isa = PBXFileReference; fileEncoding = 4; lastKnownFileType = sourcecode.swift; path = SentMemeCollectionViewController.swift; sourceTree = "<group>"; };
		049BCE841E3F938B002F540C /* SentMemeCollectionViewCell.swift */ = {isa = PBXFileReference; fileEncoding = 4; lastKnownFileType = sourcecode.swift; path = SentMemeCollectionViewCell.swift; sourceTree = "<group>"; };
		049BCE861E3FBE4D002F540C /* SentMemeDetailView.swift */ = {isa = PBXFileReference; fileEncoding = 4; lastKnownFileType = sourcecode.swift; path = SentMemeDetailView.swift; sourceTree = "<group>"; };
		04AB657F1E224CD900259E89 /* MemeGenerator.app */ = {isa = PBXFileReference; explicitFileType = wrapper.application; includeInIndex = 0; path = MemeGenerator.app; sourceTree = BUILT_PRODUCTS_DIR; };
		04AB65821E224CD900259E89 /* AppDelegate.swift */ = {isa = PBXFileReference; lastKnownFileType = sourcecode.swift; path = AppDelegate.swift; sourceTree = "<group>"; };
		04AB65841E224CD900259E89 /* MemeEditorViewController.swift */ = {isa = PBXFileReference; lastKnownFileType = sourcecode.swift; path = MemeEditorViewController.swift; sourceTree = "<group>"; };
		04AB65871E224CD900259E89 /* Base */ = {isa = PBXFileReference; lastKnownFileType = file.storyboard; name = Base; path = Base.lproj/Main.storyboard; sourceTree = "<group>"; };
		04AB65891E224CD900259E89 /* Assets.xcassets */ = {isa = PBXFileReference; lastKnownFileType = folder.assetcatalog; path = Assets.xcassets; sourceTree = "<group>"; };
		04AB658C1E224CD900259E89 /* Base */ = {isa = PBXFileReference; lastKnownFileType = file.storyboard; name = Base; path = Base.lproj/LaunchScreen.storyboard; sourceTree = "<group>"; };
		04AB658E1E224CD900259E89 /* Info.plist */ = {isa = PBXFileReference; lastKnownFileType = text.plist.xml; path = Info.plist; sourceTree = "<group>"; };
		04AB65931E224CD900259E89 /* MemeGeneratorTests.xctest */ = {isa = PBXFileReference; explicitFileType = wrapper.cfbundle; includeInIndex = 0; path = MemeGeneratorTests.xctest; sourceTree = BUILT_PRODUCTS_DIR; };
		04AB65971E224CD900259E89 /* MemeGeneratorTests.swift */ = {isa = PBXFileReference; lastKnownFileType = sourcecode.swift; path = MemeGeneratorTests.swift; sourceTree = "<group>"; };
		04AB65991E224CD900259E89 /* Info.plist */ = {isa = PBXFileReference; lastKnownFileType = text.plist.xml; path = Info.plist; sourceTree = "<group>"; };
		04AB659E1E224CD900259E89 /* MemeGeneratorUITests.xctest */ = {isa = PBXFileReference; explicitFileType = wrapper.cfbundle; includeInIndex = 0; path = MemeGeneratorUITests.xctest; sourceTree = BUILT_PRODUCTS_DIR; };
		04AB65A21E224CD900259E89 /* MemeGeneratorUITests.swift */ = {isa = PBXFileReference; lastKnownFileType = sourcecode.swift; path = MemeGeneratorUITests.swift; sourceTree = "<group>"; };
		04AB65A41E224CD900259E89 /* Info.plist */ = {isa = PBXFileReference; lastKnownFileType = text.plist.xml; path = Info.plist; sourceTree = "<group>"; };
		04AB65B21E22561800259E89 /* KeyboardUtils.swift */ = {isa = PBXFileReference; fileEncoding = 4; lastKnownFileType = sourcecode.swift; path = KeyboardUtils.swift; sourceTree = "<group>"; };
		04AB65B41E22563600259E89 /* Constants.swift */ = {isa = PBXFileReference; fileEncoding = 4; lastKnownFileType = sourcecode.swift; path = Constants.swift; sourceTree = "<group>"; };
		04AB65B61E22565100259E89 /* MemeTextFieldDelegate.swift */ = {isa = PBXFileReference; fileEncoding = 4; lastKnownFileType = sourcecode.swift; path = MemeTextFieldDelegate.swift; sourceTree = "<group>"; };
		04AB65B81E2295DF00259E89 /* Meme.swift */ = {isa = PBXFileReference; fileEncoding = 4; lastKnownFileType = sourcecode.swift; path = Meme.swift; sourceTree = "<group>"; };
		04AB65BE1E22981100259E89 /* impact.ttf */ = {isa = PBXFileReference; lastKnownFileType = file; path = impact.ttf; sourceTree = "<group>"; };
/* End PBXFileReference section */

/* Begin PBXFrameworksBuildPhase section */
		04AB657C1E224CD900259E89 /* Frameworks */ = {
			isa = PBXFrameworksBuildPhase;
			buildActionMask = 2147483647;
			files = (
			);
			runOnlyForDeploymentPostprocessing = 0;
		};
		04AB65901E224CD900259E89 /* Frameworks */ = {
			isa = PBXFrameworksBuildPhase;
			buildActionMask = 2147483647;
			files = (
			);
			runOnlyForDeploymentPostprocessing = 0;
		};
		04AB659B1E224CD900259E89 /* Frameworks */ = {
			isa = PBXFrameworksBuildPhase;
			buildActionMask = 2147483647;
			files = (
			);
			runOnlyForDeploymentPostprocessing = 0;
		};
/* End PBXFrameworksBuildPhase section */

/* Begin PBXGroup section */
		04AB65761E224CD900259E89 = {
			isa = PBXGroup;
			children = (
				04AB65BB1E2297BB00259E89 /* Resources */,
				04AB65811E224CD900259E89 /* MemeGenerator */,
				04AB65961E224CD900259E89 /* MemeGeneratorTests */,
				04AB65A11E224CD900259E89 /* MemeGeneratorUITests */,
				04AB65801E224CD900259E89 /* Products */,
			);
			sourceTree = "<group>";
		};
		04AB65801E224CD900259E89 /* Products */ = {
			isa = PBXGroup;
			children = (
				04AB657F1E224CD900259E89 /* MemeGenerator.app */,
				04AB65931E224CD900259E89 /* MemeGeneratorTests.xctest */,
				04AB659E1E224CD900259E89 /* MemeGeneratorUITests.xctest */,
			);
			name = Products;
			sourceTree = "<group>";
		};
		04AB65811E224CD900259E89 /* MemeGenerator */ = {
			isa = PBXGroup;
			children = (
				04C3FBD71E45BA4B00EF1C66 /* ColectionViewController */,
				04C3FBD61E45BA3B00EF1C66 /* TableViewController */,
				04AB65B21E22561800259E89 /* KeyboardUtils.swift */,
				04AB65821E224CD900259E89 /* AppDelegate.swift */,
				04AB65841E224CD900259E89 /* MemeEditorViewController.swift */,
				04AB65861E224CD900259E89 /* Main.storyboard */,
				04AB65891E224CD900259E89 /* Assets.xcassets */,
				04AB658B1E224CD900259E89 /* LaunchScreen.storyboard */,
				04AB658E1E224CD900259E89 /* Info.plist */,
				04AB65B41E22563600259E89 /* Constants.swift */,
				04AB65B61E22565100259E89 /* MemeTextFieldDelegate.swift */,
				04AB65B81E2295DF00259E89 /* Meme.swift */,
				049BCE861E3FBE4D002F540C /* SentMemeDetailView.swift */,
			);
			path = MemeGenerator;
			sourceTree = "<group>";
		};
		04AB65961E224CD900259E89 /* MemeGeneratorTests */ = {
			isa = PBXGroup;
			children = (
				04AB65971E224CD900259E89 /* MemeGeneratorTests.swift */,
				04AB65991E224CD900259E89 /* Info.plist */,
			);
			path = MemeGeneratorTests;
			sourceTree = "<group>";
		};
		04AB65A11E224CD900259E89 /* MemeGeneratorUITests */ = {
			isa = PBXGroup;
			children = (
				04AB65A21E224CD900259E89 /* MemeGeneratorUITests.swift */,
				04AB65A41E224CD900259E89 /* Info.plist */,
			);
			path = MemeGeneratorUITests;
			sourceTree = "<group>";
		};
		04AB65BB1E2297BB00259E89 /* Resources */ = {
			isa = PBXGroup;
			children = (
				04AB65BE1E22981100259E89 /* impact.ttf */,
			);
			name = Resources;
			sourceTree = "<group>";
		};
		04C3FBD61E45BA3B00EF1C66 /* TableViewController */ = {
			isa = PBXGroup;
			children = (
				049BCE801E3F90B6002F540C /* SentMemeTableViewController.swift */,
			);
			name = TableViewController;
			sourceTree = "<group>";
		};
		04C3FBD71E45BA4B00EF1C66 /* ColectionViewController */ = {
			isa = PBXGroup;
			children = (
				049BCE821E3F90C8002F540C /* SentMemeCollectionViewController.swift */,
				049BCE841E3F938B002F540C /* SentMemeCollectionViewCell.swift */,
			);
			name = ColectionViewController;
			sourceTree = "<group>";
		};
/* End PBXGroup section */

/* Begin PBXNativeTarget section */
		04AB657E1E224CD900259E89 /* MemeGenerator */ = {
			isa = PBXNativeTarget;
			buildConfigurationList = 04AB65A71E224CD900259E89 /* Build configuration list for PBXNativeTarget "MemeGenerator" */;
			buildPhases = (
				04AB657C1E224CD900259E89 /* Frameworks */,
				04AB657B1E224CD900259E89 /* Sources */,
				04AB657D1E224CD900259E89 /* Resources */,
			);
			buildRules = (
			);
			dependencies = (
			);
			name = MemeGenerator;
			productName = MemeGenerator;
			productReference = 04AB657F1E224CD900259E89 /* MemeGenerator.app */;
			productType = "com.apple.product-type.application";
		};
		04AB65921E224CD900259E89 /* MemeGeneratorTests */ = {
			isa = PBXNativeTarget;
			buildConfigurationList = 04AB65AA1E224CD900259E89 /* Build configuration list for PBXNativeTarget "MemeGeneratorTests" */;
			buildPhases = (
				04AB658F1E224CD900259E89 /* Sources */,
				04AB65901E224CD900259E89 /* Frameworks */,
				04AB65911E224CD900259E89 /* Resources */,
			);
			buildRules = (
			);
			dependencies = (
				04AB65951E224CD900259E89 /* PBXTargetDependency */,
			);
			name = MemeGeneratorTests;
			productName = MemeGeneratorTests;
			productReference = 04AB65931E224CD900259E89 /* MemeGeneratorTests.xctest */;
			productType = "com.apple.product-type.bundle.unit-test";
		};
		04AB659D1E224CD900259E89 /* MemeGeneratorUITests */ = {
			isa = PBXNativeTarget;
			buildConfigurationList = 04AB65AD1E224CD900259E89 /* Build configuration list for PBXNativeTarget "MemeGeneratorUITests" */;
			buildPhases = (
				04AB659A1E224CD900259E89 /* Sources */,
				04AB659B1E224CD900259E89 /* Frameworks */,
				04AB659C1E224CD900259E89 /* Resources */,
			);
			buildRules = (
			);
			dependencies = (
				04AB65A01E224CD900259E89 /* PBXTargetDependency */,
			);
			name = MemeGeneratorUITests;
			productName = MemeGeneratorUITests;
			productReference = 04AB659E1E224CD900259E89 /* MemeGeneratorUITests.xctest */;
			productType = "com.apple.product-type.bundle.ui-testing";
		};
/* End PBXNativeTarget section */

/* Begin PBXProject section */
		04AB65771E224CD900259E89 /* Project object */ = {
			isa = PBXProject;
			attributes = {
				LastSwiftUpdateCheck = 0820;
				LastUpgradeCheck = 0820;
				ORGANIZATIONNAME = "Chandak, Vishal";
				TargetAttributes = {
					04AB657E1E224CD900259E89 = {
						CreatedOnToolsVersion = 8.2.1;
						ProvisioningStyle = Automatic;
					};
					04AB65921E224CD900259E89 = {
						CreatedOnToolsVersion = 8.2.1;
						ProvisioningStyle = Automatic;
						TestTargetID = 04AB657E1E224CD900259E89;
					};
					04AB659D1E224CD900259E89 = {
						CreatedOnToolsVersion = 8.2.1;
						ProvisioningStyle = Automatic;
						TestTargetID = 04AB657E1E224CD900259E89;
					};
				};
			};
			buildConfigurationList = 04AB657A1E224CD900259E89 /* Build configuration list for PBXProject "MemeGenerator" */;
			compatibilityVersion = "Xcode 3.2";
			developmentRegion = English;
			hasScannedForEncodings = 0;
			knownRegions = (
				en,
				Base,
			);
			mainGroup = 04AB65761E224CD900259E89;
			productRefGroup = 04AB65801E224CD900259E89 /* Products */;
			projectDirPath = "";
			projectRoot = "";
			targets = (
				04AB657E1E224CD900259E89 /* MemeGenerator */,
				04AB65921E224CD900259E89 /* MemeGeneratorTests */,
				04AB659D1E224CD900259E89 /* MemeGeneratorUITests */,
			);
		};
/* End PBXProject section */

/* Begin PBXResourcesBuildPhase section */
		04AB657D1E224CD900259E89 /* Resources */ = {
			isa = PBXResourcesBuildPhase;
			buildActionMask = 2147483647;
			files = (
				04AB65BF1E22981100259E89 /* impact.ttf in Resources */,
				04AB658D1E224CD900259E89 /* LaunchScreen.storyboard in Resources */,
				04AB658A1E224CD900259E89 /* Assets.xcassets in Resources */,
				04AB65881E224CD900259E89 /* Main.storyboard in Resources */,
			);
			runOnlyForDeploymentPostprocessing = 0;
		};
		04AB65911E224CD900259E89 /* Resources */ = {
			isa = PBXResourcesBuildPhase;
			buildActionMask = 2147483647;
			files = (
			);
			runOnlyForDeploymentPostprocessing = 0;
		};
		04AB659C1E224CD900259E89 /* Resources */ = {
			isa = PBXResourcesBuildPhase;
			buildActionMask = 2147483647;
			files = (
			);
			runOnlyForDeploymentPostprocessing = 0;
		};
/* End PBXResourcesBuildPhase section */

/* Begin PBXSourcesBuildPhase section */
		04AB657B1E224CD900259E89 /* Sources */ = {
			isa = PBXSourcesBuildPhase;
			buildActionMask = 2147483647;
			files = (
				04AB65851E224CD900259E89 /* MemeEditorViewController.swift in Sources */,
				049BCE811E3F90B6002F540C /* SentMemeTableViewController.swift in Sources */,
				04AB65B31E22561800259E89 /* KeyboardUtils.swift in Sources */,
				04AB65B71E22565200259E89 /* MemeTextFieldDelegate.swift in Sources */,
				049BCE851E3F938B002F540C /* SentMemeCollectionViewCell.swift in Sources */,
				049BCE831E3F90C8002F540C /* SentMemeCollectionViewController.swift in Sources */,
				04AB65B91E2295DF00259E89 /* Meme.swift in Sources */,
				04AB65831E224CD900259E89 /* AppDelegate.swift in Sources */,
				04AB65B51E22563600259E89 /* Constants.swift in Sources */,
				049BCE871E3FBE4D002F540C /* SentMemeDetailView.swift in Sources */,
			);
			runOnlyForDeploymentPostprocessing = 0;
		};
		04AB658F1E224CD900259E89 /* Sources */ = {
			isa = PBXSourcesBuildPhase;
			buildActionMask = 2147483647;
			files = (
				04AB65981E224CD900259E89 /* MemeGeneratorTests.swift in Sources */,
			);
			runOnlyForDeploymentPostprocessing = 0;
		};
		04AB659A1E224CD900259E89 /* Sources */ = {
			isa = PBXSourcesBuildPhase;
			buildActionMask = 2147483647;
			files = (
				04AB65A31E224CD900259E89 /* MemeGeneratorUITests.swift in Sources */,
			);
			runOnlyForDeploymentPostprocessing = 0;
		};
/* End PBXSourcesBuildPhase section */

/* Begin PBXTargetDependency section */
		04AB65951E224CD900259E89 /* PBXTargetDependency */ = {
			isa = PBXTargetDependency;
			target = 04AB657E1E224CD900259E89 /* MemeGenerator */;
			targetProxy = 04AB65941E224CD900259E89 /* PBXContainerItemProxy */;
		};
		04AB65A01E224CD900259E89 /* PBXTargetDependency */ = {
			isa = PBXTargetDependency;
			target = 04AB657E1E224CD900259E89 /* MemeGenerator */;
			targetProxy = 04AB659F1E224CD900259E89 /* PBXContainerItemProxy */;
		};
/* End PBXTargetDependency section */

/* Begin PBXVariantGroup section */
		04AB65861E224CD900259E89 /* Main.storyboard */ = {
			isa = PBXVariantGroup;
			children = (
				04AB65871E224CD900259E89 /* Base */,
			);
			name = Main.storyboard;
			sourceTree = "<group>";
		};
		04AB658B1E224CD900259E89 /* LaunchScreen.storyboard */ = {
			isa = PBXVariantGroup;
			children = (
				04AB658C1E224CD900259E89 /* Base */,
			);
			name = LaunchScreen.storyboard;
			sourceTree = "<group>";
		};
/* End PBXVariantGroup section */

/* Begin XCBuildConfiguration section */
		04AB65A51E224CD900259E89 /* Debug */ = {
			isa = XCBuildConfiguration;
			buildSettings = {
				ALWAYS_SEARCH_USER_PATHS = NO;
				CLANG_ANALYZER_NONNULL = YES;
				CLANG_CXX_LANGUAGE_STANDARD = "gnu++0x";
				CLANG_CXX_LIBRARY = "libc++";
				CLANG_ENABLE_MODULES = YES;
				CLANG_ENABLE_OBJC_ARC = YES;
				CLANG_WARN_BOOL_CONVERSION = YES;
				CLANG_WARN_CONSTANT_CONVERSION = YES;
				CLANG_WARN_DIRECT_OBJC_ISA_USAGE = YES_ERROR;
				CLANG_WARN_DOCUMENTATION_COMMENTS = YES;
				CLANG_WARN_EMPTY_BODY = YES;
				CLANG_WARN_ENUM_CONVERSION = YES;
				CLANG_WARN_INFINITE_RECURSION = YES;
				CLANG_WARN_INT_CONVERSION = YES;
				CLANG_WARN_OBJC_ROOT_CLASS = YES_ERROR;
				CLANG_WARN_SUSPICIOUS_MOVE = YES;
				CLANG_WARN_UNREACHABLE_CODE = YES;
				CLANG_WARN__DUPLICATE_METHOD_MATCH = YES;
				"CODE_SIGN_IDENTITY[sdk=iphoneos*]" = "iPhone Developer";
				COPY_PHASE_STRIP = NO;
				DEBUG_INFORMATION_FORMAT = dwarf;
				ENABLE_STRICT_OBJC_MSGSEND = YES;
				ENABLE_TESTABILITY = YES;
				GCC_C_LANGUAGE_STANDARD = gnu99;
				GCC_DYNAMIC_NO_PIC = NO;
				GCC_NO_COMMON_BLOCKS = YES;
				GCC_OPTIMIZATION_LEVEL = 0;
				GCC_PREPROCESSOR_DEFINITIONS = (
					"DEBUG=1",
					"$(inherited)",
				);
				GCC_WARN_64_TO_32_BIT_CONVERSION = YES;
				GCC_WARN_ABOUT_RETURN_TYPE = YES_ERROR;
				GCC_WARN_UNDECLARED_SELECTOR = YES;
				GCC_WARN_UNINITIALIZED_AUTOS = YES_AGGRESSIVE;
				GCC_WARN_UNUSED_FUNCTION = YES;
				GCC_WARN_UNUSED_VARIABLE = YES;
				IPHONEOS_DEPLOYMENT_TARGET = 10.2;
				MTL_ENABLE_DEBUG_INFO = YES;
				ONLY_ACTIVE_ARCH = YES;
				SDKROOT = iphoneos;
				SWIFT_ACTIVE_COMPILATION_CONDITIONS = DEBUG;
				SWIFT_OPTIMIZATION_LEVEL = "-Onone";
				TARGETED_DEVICE_FAMILY = "1,2";
			};
			name = Debug;
		};
		04AB65A61E224CD900259E89 /* Release */ = {
			isa = XCBuildConfiguration;
			buildSettings = {
				ALWAYS_SEARCH_USER_PATHS = NO;
				CLANG_ANALYZER_NONNULL = YES;
				CLANG_CXX_LANGUAGE_STANDARD = "gnu++0x";
				CLANG_CXX_LIBRARY = "libc++";
				CLANG_ENABLE_MODULES = YES;
				CLANG_ENABLE_OBJC_ARC = YES;
				CLANG_WARN_BOOL_CONVERSION = YES;
				CLANG_WARN_CONSTANT_CONVERSION = YES;
				CLANG_WARN_DIRECT_OBJC_ISA_USAGE = YES_ERROR;
				CLANG_WARN_DOCUMENTATION_COMMENTS = YES;
				CLANG_WARN_EMPTY_BODY = YES;
				CLANG_WARN_ENUM_CONVERSION = YES;
				CLANG_WARN_INFINITE_RECURSION = YES;
				CLANG_WARN_INT_CONVERSION = YES;
				CLANG_WARN_OBJC_ROOT_CLASS = YES_ERROR;
				CLANG_WARN_SUSPICIOUS_MOVE = YES;
				CLANG_WARN_UNREACHABLE_CODE = YES;
				CLANG_WARN__DUPLICATE_METHOD_MATCH = YES;
				"CODE_SIGN_IDENTITY[sdk=iphoneos*]" = "iPhone Developer";
				COPY_PHASE_STRIP = NO;
				DEBUG_INFORMATION_FORMAT = "dwarf-with-dsym";
				ENABLE_NS_ASSERTIONS = NO;
				ENABLE_STRICT_OBJC_MSGSEND = YES;
				GCC_C_LANGUAGE_STANDARD = gnu99;
				GCC_NO_COMMON_BLOCKS = YES;
				GCC_WARN_64_TO_32_BIT_CONVERSION = YES;
				GCC_WARN_ABOUT_RETURN_TYPE = YES_ERROR;
				GCC_WARN_UNDECLARED_SELECTOR = YES;
				GCC_WARN_UNINITIALIZED_AUTOS = YES_AGGRESSIVE;
				GCC_WARN_UNUSED_FUNCTION = YES;
				GCC_WARN_UNUSED_VARIABLE = YES;
				IPHONEOS_DEPLOYMENT_TARGET = 10.2;
				MTL_ENABLE_DEBUG_INFO = NO;
				SDKROOT = iphoneos;
				SWIFT_OPTIMIZATION_LEVEL = "-Owholemodule";
				TARGETED_DEVICE_FAMILY = "1,2";
				VALIDATE_PRODUCT = YES;
			};
			name = Release;
		};
		04AB65A81E224CD900259E89 /* Debug */ = {
			isa = XCBuildConfiguration;
			buildSettings = {
				ASSETCATALOG_COMPILER_APPICON_NAME = AppIcon;
				INFOPLIST_FILE = MemeGenerator/Info.plist;
				LD_RUNPATH_SEARCH_PATHS = "$(inherited) @executable_path/Frameworks";
				PRODUCT_BUNDLE_IDENTIFIER = com.vcchanda.MemeGenerator;
				PRODUCT_NAME = "$(TARGET_NAME)";
				SWIFT_VERSION = 3.0;
			};
			name = Debug;
		};
		04AB65A91E224CD900259E89 /* Release */ = {
			isa = XCBuildConfiguration;
			buildSettings = {
				ASSETCATALOG_COMPILER_APPICON_NAME = AppIcon;
				INFOPLIST_FILE = MemeGenerator/Info.plist;
				LD_RUNPATH_SEARCH_PATHS = "$(inherited) @executable_path/Frameworks";
				PRODUCT_BUNDLE_IDENTIFIER = com.vcchanda.MemeGenerator;
				PRODUCT_NAME = "$(TARGET_NAME)";
				SWIFT_VERSION = 3.0;
			};
			name = Release;
		};
		04AB65AB1E224CD900259E89 /* Debug */ = {
			isa = XCBuildConfiguration;
			buildSettings = {
				ALWAYS_EMBED_SWIFT_STANDARD_LIBRARIES = YES;
				BUNDLE_LOADER = "$(TEST_HOST)";
				INFOPLIST_FILE = MemeGeneratorTests/Info.plist;
				LD_RUNPATH_SEARCH_PATHS = "$(inherited) @executable_path/Frameworks @loader_path/Frameworks";
				PRODUCT_BUNDLE_IDENTIFIER = com.vcchanda.MemeGeneratorTests;
				PRODUCT_NAME = "$(TARGET_NAME)";
				SWIFT_VERSION = 3.0;
				TEST_HOST = "$(BUILT_PRODUCTS_DIR)/MemeGenerator.app/MemeGenerator";
			};
			name = Debug;
		};
		04AB65AC1E224CD900259E89 /* Release */ = {
			isa = XCBuildConfiguration;
			buildSettings = {
				ALWAYS_EMBED_SWIFT_STANDARD_LIBRARIES = YES;
				BUNDLE_LOADER = "$(TEST_HOST)";
				INFOPLIST_FILE = MemeGeneratorTests/Info.plist;
				LD_RUNPATH_SEARCH_PATHS = "$(inherited) @executable_path/Frameworks @loader_path/Frameworks";
				PRODUCT_BUNDLE_IDENTIFIER = com.vcchanda.MemeGeneratorTests;
				PRODUCT_NAME = "$(TARGET_NAME)";
				SWIFT_VERSION = 3.0;
				TEST_HOST = "$(BUILT_PRODUCTS_DIR)/MemeGenerator.app/MemeGenerator";
			};
			name = Release;
		};
		04AB65AE1E224CD900259E89 /* Debug */ = {
			isa = XCBuildConfiguration;
			buildSettings = {
				ALWAYS_EMBED_SWIFT_STANDARD_LIBRARIES = YES;
				INFOPLIST_FILE = MemeGeneratorUITests/Info.plist;
				LD_RUNPATH_SEARCH_PATHS = "$(inherited) @executable_path/Frameworks @loader_path/Frameworks";
				PRODUCT_BUNDLE_IDENTIFIER = com.vcchanda.MemeGeneratorUITests;
				PRODUCT_NAME = "$(TARGET_NAME)";
				SWIFT_VERSION = 3.0;
				TEST_TARGET_NAME = MemeGenerator;
			};
			name = Debug;
		};
		04AB65AF1E224CD900259E89 /* Release */ = {
			isa = XCBuildConfiguration;
			buildSettings = {
				ALWAYS_EMBED_SWIFT_STANDARD_LIBRARIES = YES;
				INFOPLIST_FILE = MemeGeneratorUITests/Info.plist;
				LD_RUNPATH_SEARCH_PATHS = "$(inherited) @executable_path/Frameworks @loader_path/Frameworks";
				PRODUCT_BUNDLE_IDENTIFIER = com.vcchanda.MemeGeneratorUITests;
				PRODUCT_NAME = "$(TARGET_NAME)";
				SWIFT_VERSION = 3.0;
				TEST_TARGET_NAME = MemeGenerator;
			};
			name = Release;
		};
/* End XCBuildConfiguration section */

/* Begin XCConfigurationList section */
		04AB657A1E224CD900259E89 /* Build configuration list for PBXProject "MemeGenerator" */ = {
			isa = XCConfigurationList;
			buildConfigurations = (
				04AB65A51E224CD900259E89 /* Debug */,
				04AB65A61E224CD900259E89 /* Release */,
			);
			defaultConfigurationIsVisible = 0;
			defaultConfigurationName = Release;
		};
		04AB65A71E224CD900259E89 /* Build configuration list for PBXNativeTarget "MemeGenerator" */ = {
			isa = XCConfigurationList;
			buildConfigurations = (
				04AB65A81E224CD900259E89 /* Debug */,
				04AB65A91E224CD900259E89 /* Release */,
			);
			defaultConfigurationIsVisible = 0;
			defaultConfigurationName = Release;
		};
		04AB65AA1E224CD900259E89 /* Build configuration list for PBXNativeTarget "MemeGeneratorTests" */ = {
			isa = XCConfigurationList;
			buildConfigurations = (
				04AB65AB1E224CD900259E89 /* Debug */,
				04AB65AC1E224CD900259E89 /* Release */,
			);
			defaultConfigurationIsVisible = 0;
			defaultConfigurationName = Release;
		};
		04AB65AD1E224CD900259E89 /* Build configuration list for PBXNativeTarget "MemeGeneratorUITests" */ = {
			isa = XCConfigurationList;
			buildConfigurations = (
				04AB65AE1E224CD900259E89 /* Debug */,
				04AB65AF1E224CD900259E89 /* Release */,
			);
			defaultConfigurationIsVisible = 0;
			defaultConfigurationName = Release;
		};
/* End XCConfigurationList section */
	};
	rootObject = 04AB65771E224CD900259E89 /* Project object */;
}
